
Microsoft Visual Studio Solution File, Format Version 12.00
# Visual Studio 15
VisualStudioVersion = 15.0.28010.2046
MinimumVisualStudioVersion = 10.0.40219.1
Project("{FAE04EC0-301F-11D3-BF4B-00C04F79EFBC}") = "ConversionReader", "ConversionReader\ConversionReader.csproj", "{E0FB1223-25CD-4DAA-A2F9-CE832C35E8C9}"
EndProject
Project("{2150E333-8FDC-42A3-9474-1A3956D46DE8}") = "Solution Items", "Solution Items", "{9CCE4441-AEFA-4ADA-89A9-A36463B1A6D4}"
EndProject
Project("{FAE04EC0-301F-11D3-BF4B-00C04F79EFBC}") = "TestHandler", "TestHandler\TestHandler.csproj", "{2CCB46DC-FB6A-4D38-91CA-A6D4BEE71F75}"
EndProject
Global
	GlobalSection(SolutionConfigurationPlatforms) = preSolution
		Debug|Any CPU = Debug|Any CPU
		Release|Any CPU = Release|Any CPU
	EndGlobalSection
	GlobalSection(ProjectConfigurationPlatforms) = postSolution
		{E0FB1223-25CD-4DAA-A2F9-CE832C35E8C9}.Debug|Any CPU.ActiveCfg = Debug|Any CPU
		{E0FB1223-25CD-4DAA-A2F9-CE832C35E8C9}.Debug|Any CPU.Build.0 = Debug|Any CPU
		{E0FB1223-25CD-4DAA-A2F9-CE832C35E8C9}.Release|Any CPU.ActiveCfg = Release|Any CPU
		{E0FB1223-25CD-4DAA-A2F9-CE832C35E8C9}.Release|Any CPU.Build.0 = Release|Any CPU
		{2CCB46DC-FB6A-4D38-91CA-A6D4BEE71F75}.Debug|Any CPU.ActiveCfg = Debug|Any CPU
		{2CCB46DC-FB6A-4D38-91CA-A6D4BEE71F75}.Debug|Any CPU.Build.0 = Debug|Any CPU
		{2CCB46DC-FB6A-4D38-91CA-A6D4BEE71F75}.Release|Any CPU.ActiveCfg = Release|Any CPU
		{2CCB46DC-FB6A-4D38-91CA-A6D4BEE71F75}.Release|Any CPU.Build.0 = Release|Any CPU
	EndGlobalSection
	GlobalSection(SolutionProperties) = preSolution
		HideSolutionNode = FALSE
	EndGlobalSection
	GlobalSection(ExtensibilityGlobals) = postSolution
		SolutionGuid = {8C10BE56-7F80-4E44-AFF8-8FEE559ADAD3}
	EndGlobalSection
EndGlobal
